
Microsoft Visual Studio Solution File, Format Version 12.00
# Visual Studio Version 17
VisualStudioVersion = 17.3.32901.215
MinimumVisualStudioVersion = 10.0.40219.1
Project("{9A19103F-16F7-4668-BE54-9A1E7A4F7556}") = "FileUpload", "FileUpload\FileUpload.csproj", "{09D6812C-E303-40A3-9070-116637CBD125}"
EndProject
Project("{9A19103F-16F7-4668-BE54-9A1E7A4F7556}") = "SortingFilteringPaging", "SortingFilteringPaging\SortingFilteringPaging.csproj", "{0849DE04-1539-4C6A-A42C-CBCD70301CAD}"
EndProject
Project("{9A19103F-16F7-4668-BE54-9A1E7A4F7556}") = "ParentChildComponent", "ParentChildComponent\ParentChildComponent.csproj", "{D8704F06-4B1C-417C-934B-AF2DAC469418}"
EndProject
Project("{9A19103F-16F7-4668-BE54-9A1E7A4F7556}") = "FeatureFlagsDemo", "FeatureFlagsDemo\FeatureFlagsDemo.csproj", "{331FDB1E-EA39-42A9-8DAD-9E8922A06AF6}"
EndProject
Project("{FAE04EC0-301F-11D3-BF4B-00C04F79EFBC}") = "PermissionBasedAuthorization", "PermissionBasedAuthorization\PermissionBasedAuthorization.csproj", "{A63C9885-472E-4B60-9E1D-08BF5A3B2C4C}"
EndProject
Global
	GlobalSection(SolutionConfigurationPlatforms) = preSolution
		Debug|Any CPU = Debug|Any CPU
		Release|Any CPU = Release|Any CPU
	EndGlobalSection
	GlobalSection(ProjectConfigurationPlatforms) = postSolution
		{09D6812C-E303-40A3-9070-116637CBD125}.Debug|Any CPU.ActiveCfg = Debug|Any CPU
		{09D6812C-E303-40A3-9070-116637CBD125}.Debug|Any CPU.Build.0 = Debug|Any CPU
		{09D6812C-E303-40A3-9070-116637CBD125}.Release|Any CPU.ActiveCfg = Release|Any CPU
		{09D6812C-E303-40A3-9070-116637CBD125}.Release|Any CPU.Build.0 = Release|Any CPU
		{0849DE04-1539-4C6A-A42C-CBCD70301CAD}.Debug|Any CPU.ActiveCfg = Debug|Any CPU
		{0849DE04-1539-4C6A-A42C-CBCD70301CAD}.Debug|Any CPU.Build.0 = Debug|Any CPU
		{0849DE04-1539-4C6A-A42C-CBCD70301CAD}.Release|Any CPU.ActiveCfg = Release|Any CPU
		{0849DE04-1539-4C6A-A42C-CBCD70301CAD}.Release|Any CPU.Build.0 = Release|Any CPU
		{D8704F06-4B1C-417C-934B-AF2DAC469418}.Debug|Any CPU.ActiveCfg = Debug|Any CPU
		{D8704F06-4B1C-417C-934B-AF2DAC469418}.Debug|Any CPU.Build.0 = Debug|Any CPU
		{D8704F06-4B1C-417C-934B-AF2DAC469418}.Release|Any CPU.ActiveCfg = Release|Any CPU
		{D8704F06-4B1C-417C-934B-AF2DAC469418}.Release|Any CPU.Build.0 = Release|Any CPU
		{331FDB1E-EA39-42A9-8DAD-9E8922A06AF6}.Debug|Any CPU.ActiveCfg = Debug|Any CPU
		{331FDB1E-EA39-42A9-8DAD-9E8922A06AF6}.Debug|Any CPU.Build.0 = Debug|Any CPU
		{331FDB1E-EA39-42A9-8DAD-9E8922A06AF6}.Release|Any CPU.ActiveCfg = Release|Any CPU
		{331FDB1E-EA39-42A9-8DAD-9E8922A06AF6}.Release|Any CPU.Build.0 = Release|Any CPU
		{A63C9885-472E-4B60-9E1D-08BF5A3B2C4C}.Debug|Any CPU.ActiveCfg = Debug|Any CPU
		{A63C9885-472E-4B60-9E1D-08BF5A3B2C4C}.Debug|Any CPU.Build.0 = Debug|Any CPU
		{A63C9885-472E-4B60-9E1D-08BF5A3B2C4C}.Release|Any CPU.ActiveCfg = Release|Any CPU
		{A63C9885-472E-4B60-9E1D-08BF5A3B2C4C}.Release|Any CPU.Build.0 = Release|Any CPU
	EndGlobalSection
	GlobalSection(SolutionProperties) = preSolution
		HideSolutionNode = FALSE
	EndGlobalSection
	GlobalSection(ExtensibilityGlobals) = postSolution
		SolutionGuid = {1213E6D5-525D-41FF-B2EE-7711FDAA3D10}
	EndGlobalSection
EndGlobal
